
Microsoft Visual Studio Solution File, Format Version 12.00
# Visual Studio Version 17
VisualStudioVersion = 17.14.36915.13
MinimumVisualStudioVersion = 10.0.40219.1
Project("{FAE04EC0-301F-11D3-BF4B-00C04F79EFBC}") = "Cyber", "Cyber\Cyber.csproj", "{F7E6B2DE-B198-4912-B0AB-776A2FF5247D}"
EndProject
Project("{FAE04EC0-301F-11D3-BF4B-00C04F79EFBC}") = "cyber chat part 2", "cyber chat part 2\cyber chat part 2.csproj", "{7EC284DE-DBE7-4DA2-B259-B0755BC2B106}"
EndProject
Global
	GlobalSection(SolutionConfigurationPlatforms) = preSolution
		Debug|Any CPU = Debug|Any CPU
		Release|Any CPU = Release|Any CPU
	EndGlobalSection
	GlobalSection(ProjectConfigurationPlatforms) = postSolution
		{F7E6B2DE-B198-4912-B0AB-776A2FF5247D}.Debug|Any CPU.ActiveCfg = Debug|Any CPU
		{F7E6B2DE-B198-4912-B0AB-776A2FF5247D}.Debug|Any CPU.Build.0 = Debug|Any CPU
		{F7E6B2DE-B198-4912-B0AB-776A2FF5247D}.Release|Any CPU.ActiveCfg = Release|Any CPU
		{F7E6B2DE-B198-4912-B0AB-776A2FF5247D}.Release|Any CPU.Build.0 = Release|Any CPU
		{7EC284DE-DBE7-4DA2-B259-B0755BC2B106}.Debug|Any CPU.ActiveCfg = Debug|Any CPU
		{7EC284DE-DBE7-4DA2-B259-B0755BC2B106}.Debug|Any CPU.Build.0 = Debug|Any CPU
		{7EC284DE-DBE7-4DA2-B259-B0755BC2B106}.Release|Any CPU.ActiveCfg = Release|Any CPU
		{7EC284DE-DBE7-4DA2-B259-B0755BC2B106}.Release|Any CPU.Build.0 = Release|Any CPU
	EndGlobalSection
	GlobalSection(SolutionProperties) = preSolution
		HideSolutionNode = FALSE
	EndGlobalSection
	GlobalSection(ExtensibilityGlobals) = postSolution
		SolutionGuid = {A5316763-A5CE-4F37-9C6A-B096100D225A}
	EndGlobalSection
EndGlobal
